
Microsoft Visual Studio Solution File, Format Version 12.00
# Visual Studio Version 17
VisualStudioVersion = 17.11.35312.102
MinimumVisualStudioVersion = 10.0.40219.1
Project("{FAE04EC0-301F-11D3-BF4B-00C04F79EFBC}") = "BTVN", "BTVN\BTVN.csproj", "{8CBF23C9-9F6E-42DD-88C5-0609481732D6}"
EndProject
Global
	GlobalSection(SolutionConfigurationPlatforms) = preSolution
		Debug|Any CPU = Debug|Any CPU
		Release|Any CPU = Release|Any CPU
	EndGlobalSection
	GlobalSection(ProjectConfigurationPlatforms) = postSolution
		{8CBF23C9-9F6E-42DD-88C5-0609481732D6}.Debug|Any CPU.ActiveCfg = Debug|Any CPU
		{8CBF23C9-9F6E-42DD-88C5-0609481732D6}.Debug|Any CPU.Build.0 = Debug|Any CPU
		{8CBF23C9-9F6E-42DD-88C5-0609481732D6}.Release|Any CPU.ActiveCfg = Release|Any CPU
		{8CBF23C9-9F6E-42DD-88C5-0609481732D6}.Release|Any CPU.Build.0 = Release|Any CPU
	EndGlobalSection
	GlobalSection(SolutionProperties) = preSolution
		HideSolutionNode = FALSE
	EndGlobalSection
	GlobalSection(ExtensibilityGlobals) = postSolution
		SolutionGuid = {D0A4C34F-7A38-4291-A802-A5D929CCB059}
	EndGlobalSection
EndGlobal
